[[package]]
name = "adcert-rust"
version = "0.1.0"
dependencies = [
 "base64 0.9.2 (registry+https://github.com/rust-lang/crates.io-index)",
 "openssl 0.10.10 (registry+https://github.com/rust-lang/crates.io-index)",
]

[[package]]
name = "base64"
version = "0.9.2"
source = "registry+https://github.com/rust-lang/crates.io-index"
dependencies = [
 "byteorder 1.2.3 (registry+https://github.com/rust-lang/crates.io-index)",
 "safemem 0.2.0 (registry+https://github.com/rust-lang/crates.io-index)",
]

[[package]]
name = "bitflags"
version = "1.0.3"
source = "registry+https://github.com/rust-lang/crates.io-index"

[[package]]
name = "byteorder"
version = "1.2.3"
source = "registry+https://github.com/rust-lang/crates.io-index"

[[package]]
name = "cc"
version = "1.0.18"
source = "registry+https://github.com/rust-lang/crates.io-index"

[[package]]
name = "cfg-if"
version = "0.1.4"
source = "registry+https://github.com/rust-lang/crates.io-index"

[[package]]
name = "foreign-types"
version = "0.3.2"
source = "registry+https://github.com/rust-lang/crates.io-index"
dependencies = [
 "foreign-types-shared 0.1.1 (registry+https://github.com/rust-lang/crates.io-index)",
]

[[package]]
name = "foreign-types-shared"
version = "0.1.1"
source = "registry+https://github.com/rust-lang/crates.io-index"

[[package]]
name = "lazy_static"
version = "1.0.2"
source = "registry+https://github.com/rust-lang/crates.io-index"

[[package]]
name = "libc"
version = "0.2.42"
source = "registry+https://github.com/rust-lang/crates.io-index"

[[package]]
name = "openssl"
version = "0.10.10"
source = "registry+https://github.com/rust-lang/crates.io-index"
dependencies = [
 "bitflags 1.0.3 (registry+https://github.com/rust-lang/crates.io-index)",
 "cfg-if 0.1.4 (registry+https://github.com/rust-lang/crates.io-index)",
 "foreign-types 0.3.2 (registry+https://github.com/rust-lang/crates.io-index)",
 "lazy_static 1.0.2 (registry+https://github.com/rust-lang/crates.io-index)",
 "libc 0.2.42 (registry+https://github.com/rust-lang/crates.io-index)",
 "openssl-sys 0.9.33 (registry+https://github.com/rust-lang/crates.io-index)",
]

[[package]]
name = "openssl-sys"
version = "0.9.33"
source = "registry+https://github.com/rust-lang/crates.io-index"
dependencies = [
 "cc 1.0.18 (registry+https://github.com/rust-lang/crates.io-index)",
 "libc 0.2.42 (registry+https://github.com/rust-lang/crates.io-index)",
 "pkg-config 0.3.12 (registry+https://github.com/rust-lang/crates.io-index)",
 "vcpkg 0.2.4 (registry+https://github.com/rust-lang/crates.io-index)",
]

[[package]]
name = "pkg-config"
version = "0.3.12"
source = "registry+https://github.com/rust-lang/crates.io-index"

[[package]]
name = "safemem"
version = "0.2.0"
source = "registry+https://github.com/rust-lang/crates.io-index"

[[package]]
name = "vcpkg"
version = "0.2.4"
source = "registry+https://github.com/rust-lang/crates.io-index"

[metadata]
"checksum base64 0.9.2 (registry+https://github.com/rust-lang/crates.io-index)" = "85415d2594767338a74a30c1d370b2f3262ec1b4ed2d7bba5b3faf4de40467d9"
"checksum bitflags 1.0.3 (registry+https://github.com/rust-lang/crates.io-index)" = "d0c54bb8f454c567f21197eefcdbf5679d0bd99f2ddbe52e84c77061952e6789"
"checksum byteorder 1.2.3 (registry+https://github.com/rust-lang/crates.io-index)" = "74c0b906e9446b0a2e4f760cdb3fa4b2c48cdc6db8766a845c54b6ff063fd2e9"
"checksum cc 1.0.18 (registry+https://github.com/rust-lang/crates.io-index)" = "2119ea4867bd2b8ed3aecab467709720b2d55b1bcfe09f772fd68066eaf15275"
"checksum cfg-if 0.1.4 (registry+https://github.com/rust-lang/crates.io-index)" = "efe5c877e17a9c717a0bf3613b2709f723202c4e4675cc8f12926ded29bcb17e"
"checksum foreign-types 0.3.2 (registry+https://github.com/rust-lang/crates.io-index)" = "f6f339eb8adc052cd2ca78910fda869aefa38d22d5cb648e6485e4d3fc06f3b1"
"checksum foreign-types-shared 0.1.1 (registry+https://github.com/rust-lang/crates.io-index)" = "00b0228411908ca8685dba7fc2cdd70ec9990a6e753e89b6ac91a84c40fbaf4b"
"checksum lazy_static 1.0.2 (registry+https://github.com/rust-lang/crates.io-index)" = "fb497c35d362b6a331cfd94956a07fc2c78a4604cdbee844a81170386b996dd3"
"checksum libc 0.2.42 (registry+https://github.com/rust-lang/crates.io-index)" = "b685088df2b950fccadf07a7187c8ef846a959c142338a48f9dc0b94517eb5f1"
"checksum openssl 0.10.10 (registry+https://github.com/rust-lang/crates.io-index)" = "ed18a0f40ec4e9a8a81f8865033d823b7195d16a0a5721e10963ee1b0c2980ca"
"checksum openssl-sys 0.9.33 (registry+https://github.com/rust-lang/crates.io-index)" = "d8abc04833dcedef24221a91852931df2f63e3369ae003134e70aff3645775cc"
"checksum pkg-config 0.3.12 (registry+https://github.com/rust-lang/crates.io-index)" = "6a52e4dbc8354505ee07e484ab07127e06d87ca6fa7f0a516a2b294e5ad5ad16"
"checksum safemem 0.2.0 (registry+https://github.com/rust-lang/crates.io-index)" = "e27a8b19b835f7aea908818e871f5cc3a5a186550c30773be987e155e8163d8f"
"checksum vcpkg 0.2.4 (registry+https://github.com/rust-lang/crates.io-index)" = "cbe533e138811704c0e3cbde65a818b35d3240409b4346256c5ede403e082474"
